// !$*UTF8*$!
{
	archiveVersion = 1;
	classes = {
	};
	objectVersion = 46;
	objects = {

/* Begin PBXBuildFile section */
		2595506D1E82F8740076EA86 /* Main-Signup-Login.storyboard in Resources */ = {isa = PBXBuildFile; fileRef = 2595506C1E82F8740076EA86 /* Main-Signup-Login.storyboard */; };
		2595506F1E82FCBD0076EA86 /* LoginViewController.swift in Sources */ = {isa = PBXBuildFile; fileRef = 2595506E1E82FCBD0076EA86 /* LoginViewController.swift */; };
		259550711E82FCC70076EA86 /* SignUpViewController.swift in Sources */ = {isa = PBXBuildFile; fileRef = 259550701E82FCC70076EA86 /* SignUpViewController.swift */; };
		259550731E82FCD50076EA86 /* MainLoginViewController.swift in Sources */ = {isa = PBXBuildFile; fileRef = 259550721E82FCD50076EA86 /* MainLoginViewController.swift */; };
		259550781E8321C00076EA86 /* GoogleService-Info.plist in Resources */ = {isa = PBXBuildFile; fileRef = 259550771E8321C00076EA86 /* GoogleService-Info.plist */; };
		25A881AC1E80478200764EE3 /* AppDelegate.swift in Sources */ = {isa = PBXBuildFile; fileRef = 25A881AB1E80478200764EE3 /* AppDelegate.swift */; };
		25A881B11E80478200764EE3 /* Main.storyboard in Resources */ = {isa = PBXBuildFile; fileRef = 25A881AF1E80478200764EE3 /* Main.storyboard */; };
		25A881B31E80478200764EE3 /* Assets.xcassets in Resources */ = {isa = PBXBuildFile; fileRef = 25A881B21E80478200764EE3 /* Assets.xcassets */; };
		25A881B61E80478200764EE3 /* LaunchScreen.storyboard in Resources */ = {isa = PBXBuildFile; fileRef = 25A881B41E80478200764EE3 /* LaunchScreen.storyboard */; };
		25A881C11E80478300764EE3 /* PoprTests.swift in Sources */ = {isa = PBXBuildFile; fileRef = 25A881C01E80478300764EE3 /* PoprTests.swift */; };
		25A881CC1E80478300764EE3 /* PoprUITests.swift in Sources */ = {isa = PBXBuildFile; fileRef = 25A881CB1E80478300764EE3 /* PoprUITests.swift */; };
		25A881F51E804EC700764EE3 /* ViewController.swift in Sources */ = {isa = PBXBuildFile; fileRef = 25A881F41E804EC700764EE3 /* ViewController.swift */; };
/* End PBXBuildFile section */

/* Begin PBXContainerItemProxy section */
		25A881BD1E80478200764EE3 /* PBXContainerItemProxy */ = {
			isa = PBXContainerItemProxy;
			containerPortal = 25A881A01E80478200764EE3 /* Project object */;
			proxyType = 1;
			remoteGlobalIDString = 25A881A71E80478200764EE3;
			remoteInfo = Popr;
		};
		25A881C81E80478300764EE3 /* PBXContainerItemProxy */ = {
			isa = PBXContainerItemProxy;
			containerPortal = 25A881A01E80478200764EE3 /* Project object */;
			proxyType = 1;
			remoteGlobalIDString = 25A881A71E80478200764EE3;
			remoteInfo = Popr;
		};
/* End PBXContainerItemProxy section */

/* Begin PBXFileReference section */
		2595506C1E82F8740076EA86 /* Main-Signup-Login.storyboard */ = {isa = PBXFileReference; fileEncoding = 4; lastKnownFileType = file.storyboard; path = "Main-Signup-Login.storyboard"; sourceTree = "<group>"; };
		2595506E1E82FCBD0076EA86 /* LoginViewController.swift */ = {isa = PBXFileReference; fileEncoding = 4; lastKnownFileType = sourcecode.swift; path = LoginViewController.swift; sourceTree = "<group>"; };
		259550701E82FCC70076EA86 /* SignUpViewController.swift */ = {isa = PBXFileReference; fileEncoding = 4; lastKnownFileType = sourcecode.swift; path = SignUpViewController.swift; sourceTree = "<group>"; };
		259550721E82FCD50076EA86 /* MainLoginViewController.swift */ = {isa = PBXFileReference; fileEncoding = 4; lastKnownFileType = sourcecode.swift; path = MainLoginViewController.swift; sourceTree = "<group>"; };
		259550771E8321C00076EA86 /* GoogleService-Info.plist */ = {isa = PBXFileReference; fileEncoding = 4; lastKnownFileType = text.plist.xml; name = "GoogleService-Info.plist"; path = "../../../../../Downloads/GoogleService-Info.plist"; sourceTree = "<group>"; };
		25A881A81E80478200764EE3 /* Popr.app */ = {isa = PBXFileReference; explicitFileType = wrapper.application; includeInIndex = 0; path = Popr.app; sourceTree = BUILT_PRODUCTS_DIR; };
		25A881AB1E80478200764EE3 /* AppDelegate.swift */ = {isa = PBXFileReference; lastKnownFileType = sourcecode.swift; path = AppDelegate.swift; sourceTree = "<group>"; };
		25A881B01E80478200764EE3 /* Base */ = {isa = PBXFileReference; lastKnownFileType = file.storyboard; name = Base; path = Base.lproj/Main.storyboard; sourceTree = "<group>"; };
		25A881B21E80478200764EE3 /* Assets.xcassets */ = {isa = PBXFileReference; lastKnownFileType = folder.assetcatalog; path = Assets.xcassets; sourceTree = "<group>"; };
		25A881B51E80478200764EE3 /* Base */ = {isa = PBXFileReference; lastKnownFileType = file.storyboard; name = Base; path = Base.lproj/LaunchScreen.storyboard; sourceTree = "<group>"; };
		25A881B71E80478200764EE3 /* Info.plist */ = {isa = PBXFileReference; lastKnownFileType = text.plist.xml; path = Info.plist; sourceTree = "<group>"; };
		25A881BC1E80478200764EE3 /* PoprTests.xctest */ = {isa = PBXFileReference; explicitFileType = wrapper.cfbundle; includeInIndex = 0; path = PoprTests.xctest; sourceTree = BUILT_PRODUCTS_DIR; };
		25A881C01E80478300764EE3 /* PoprTests.swift */ = {isa = PBXFileReference; lastKnownFileType = sourcecode.swift; path = PoprTests.swift; sourceTree = "<group>"; };
		25A881C21E80478300764EE3 /* Info.plist */ = {isa = PBXFileReference; lastKnownFileType = text.plist.xml; path = Info.plist; sourceTree = "<group>"; };
		25A881C71E80478300764EE3 /* PoprUITests.xctest */ = {isa = PBXFileReference; explicitFileType = wrapper.cfbundle; includeInIndex = 0; path = PoprUITests.xctest; sourceTree = BUILT_PRODUCTS_DIR; };
		25A881CB1E80478300764EE3 /* PoprUITests.swift */ = {isa = PBXFileReference; lastKnownFileType = sourcecode.swift; path = PoprUITests.swift; sourceTree = "<group>"; };
		25A881CD1E80478300764EE3 /* Info.plist */ = {isa = PBXFileReference; lastKnownFileType = text.plist.xml; path = Info.plist; sourceTree = "<group>"; };
		25A881F41E804EC700764EE3 /* ViewController.swift */ = {isa = PBXFileReference; fileEncoding = 4; lastKnownFileType = sourcecode.swift; path = ViewController.swift; sourceTree = "<group>"; };
/* End PBXFileReference section */

/* Begin PBXFrameworksBuildPhase section */
		25A881A51E80478200764EE3 /* Frameworks */ = {
			isa = PBXFrameworksBuildPhase;
			buildActionMask = 2147483647;
			files = (
			);
			runOnlyForDeploymentPostprocessing = 0;
		};
		25A881B91E80478200764EE3 /* Frameworks */ = {
			isa = PBXFrameworksBuildPhase;
			buildActionMask = 2147483647;
			files = (
			);
			runOnlyForDeploymentPostprocessing = 0;
		};
		25A881C41E80478300764EE3 /* Frameworks */ = {
			isa = PBXFrameworksBuildPhase;
			buildActionMask = 2147483647;
			files = (
			);
			runOnlyForDeploymentPostprocessing = 0;
		};
/* End PBXFrameworksBuildPhase section */

/* Begin PBXGroup section */
		259550741E82FCEA0076EA86 /* Login */ = {
			isa = PBXGroup;
			children = (
				259550721E82FCD50076EA86 /* MainLoginViewController.swift */,
				259550701E82FCC70076EA86 /* SignUpViewController.swift */,
				2595506E1E82FCBD0076EA86 /* LoginViewController.swift */,
			);
			name = Login;
			sourceTree = "<group>";
		};
		259550751E82FD0B0076EA86 /* Main/Singup/Login */ = {
			isa = PBXGroup;
			children = (
				2595506C1E82F8740076EA86 /* Main-Signup-Login.storyboard */,
			);
			name = Main/Singup/Login;
			sourceTree = "<group>";
		};
		259550761E82FD260076EA86 /* Timeline */ = {
			isa = PBXGroup;
			children = (
				25A881AF1E80478200764EE3 /* Main.storyboard */,
			);
			name = Timeline;
			sourceTree = "<group>";
		};
		25A8819F1E80478200764EE3 = {
			isa = PBXGroup;
			children = (
				25A881AA1E80478200764EE3 /* Popr */,
				25A881BF1E80478300764EE3 /* PoprTests */,
				25A881CA1E80478300764EE3 /* PoprUITests */,
				25A881A91E80478200764EE3 /* Products */,
			);
			sourceTree = "<group>";
		};
		25A881A91E80478200764EE3 /* Products */ = {
			isa = PBXGroup;
			children = (
				25A881A81E80478200764EE3 /* Popr.app */,
				25A881BC1E80478200764EE3 /* PoprTests.xctest */,
				25A881C71E80478300764EE3 /* PoprUITests.xctest */,
			);
			name = Products;
			sourceTree = "<group>";
		};
		25A881AA1E80478200764EE3 /* Popr */ = {
			isa = PBXGroup;
			children = (
				25A881AB1E80478200764EE3 /* AppDelegate.swift */,
				25A881F31E804E6600764EE3 /* Networking */,
				25A881F21E804E6000764EE3 /* Models */,
				25A881F11E804E5900764EE3 /* ViewControllers */,
				25A881F01E804E5100764EE3 /* Views */,
				25A881B41E80478200764EE3 /* LaunchScreen.storyboard */,
				25A881B21E80478200764EE3 /* Assets.xcassets */,
				25A881B71E80478200764EE3 /* Info.plist */,
				259550771E8321C00076EA86 /* GoogleService-Info.plist */,
			);
			path = Popr;
			sourceTree = "<group>";
		};
		25A881BF1E80478300764EE3 /* PoprTests */ = {
			isa = PBXGroup;
			children = (
				25A881C01E80478300764EE3 /* PoprTests.swift */,
				25A881C21E80478300764EE3 /* Info.plist */,
			);
			path = PoprTests;
			sourceTree = "<group>";
		};
		25A881CA1E80478300764EE3 /* PoprUITests */ = {
			isa = PBXGroup;
			children = (
				25A881CB1E80478300764EE3 /* PoprUITests.swift */,
				25A881CD1E80478300764EE3 /* Info.plist */,
			);
			path = PoprUITests;
			sourceTree = "<group>";
		};
		25A881F01E804E5100764EE3 /* Views */ = {
			isa = PBXGroup;
			children = (
				259550761E82FD260076EA86 /* Timeline */,
				259550751E82FD0B0076EA86 /* Main/Singup/Login */,
			);
			name = Views;
			sourceTree = "<group>";
		};
		25A881F11E804E5900764EE3 /* ViewControllers */ = {
			isa = PBXGroup;
			children = (
				25A881F41E804EC700764EE3 /* ViewController.swift */,
				259550741E82FCEA0076EA86 /* Login */,
			);
			name = ViewControllers;
			sourceTree = "<group>";
		};
		25A881F21E804E6000764EE3 /* Models */ = {
			isa = PBXGroup;
			children = (
			);
			name = Models;
			sourceTree = "<group>";
		};
		25A881F31E804E6600764EE3 /* Networking */ = {
			isa = PBXGroup;
			children = (
			);
			name = Networking;
			sourceTree = "<group>";
		};
/* End PBXGroup section */

/* Begin PBXNativeTarget section */
		25A881A71E80478200764EE3 /* Popr */ = {
			isa = PBXNativeTarget;
			buildConfigurationList = 25A881D01E80478300764EE3 /* Build configuration list for PBXNativeTarget "Popr" */;
			buildPhases = (
				25A881A41E80478200764EE3 /* Sources */,
				25A881A51E80478200764EE3 /* Frameworks */,
				25A881A61E80478200764EE3 /* Resources */,
			);
			buildRules = (
			);
			dependencies = (
			);
			name = Popr;
			productName = Popr;
			productReference = 25A881A81E80478200764EE3 /* Popr.app */;
			productType = "com.apple.product-type.application";
		};
		25A881BB1E80478200764EE3 /* PoprTests */ = {
			isa = PBXNativeTarget;
			buildConfigurationList = 25A881D31E80478300764EE3 /* Build configuration list for PBXNativeTarget "PoprTests" */;
			buildPhases = (
				25A881B81E80478200764EE3 /* Sources */,
				25A881B91E80478200764EE3 /* Frameworks */,
				25A881BA1E80478200764EE3 /* Resources */,
			);
			buildRules = (
			);
			dependencies = (
				25A881BE1E80478200764EE3 /* PBXTargetDependency */,
			);
			name = PoprTests;
			productName = PoprTests;
			productReference = 25A881BC1E80478200764EE3 /* PoprTests.xctest */;
			productType = "com.apple.product-type.bundle.unit-test";
		};
		25A881C61E80478300764EE3 /* PoprUITests */ = {
			isa = PBXNativeTarget;
			buildConfigurationList = 25A881D61E80478300764EE3 /* Build configuration list for PBXNativeTarget "PoprUITests" */;
			buildPhases = (
				25A881C31E80478300764EE3 /* Sources */,
				25A881C41E80478300764EE3 /* Frameworks */,
				25A881C51E80478300764EE3 /* Resources */,
			);
			buildRules = (
			);
			dependencies = (
				25A881C91E80478300764EE3 /* PBXTargetDependency */,
			);
			name = PoprUITests;
			productName = PoprUITests;
			productReference = 25A881C71E80478300764EE3 /* PoprUITests.xctest */;
			productType = "com.apple.product-type.bundle.ui-testing";
		};
/* End PBXNativeTarget section */

/* Begin PBXProject section */
		25A881A01E80478200764EE3 /* Project object */ = {
			isa = PBXProject;
			attributes = {
				LastSwiftUpdateCheck = 0820;
				LastUpgradeCheck = 0820;
				ORGANIZATIONNAME = kennybatista;
				TargetAttributes = {
					25A881A71E80478200764EE3 = {
						CreatedOnToolsVersion = 8.2.1;
						DevelopmentTeam = RL292UUN9S;
						ProvisioningStyle = Automatic;
					};
					25A881BB1E80478200764EE3 = {
						CreatedOnToolsVersion = 8.2.1;
						DevelopmentTeam = RL292UUN9S;
						ProvisioningStyle = Automatic;
						TestTargetID = 25A881A71E80478200764EE3;
					};
					25A881C61E80478300764EE3 = {
						CreatedOnToolsVersion = 8.2.1;
						DevelopmentTeam = RL292UUN9S;
						ProvisioningStyle = Automatic;
						TestTargetID = 25A881A71E80478200764EE3;
					};
				};
			};
			buildConfigurationList = 25A881A31E80478200764EE3 /* Build configuration list for PBXProject "Popr" */;
			compatibilityVersion = "Xcode 3.2";
			developmentRegion = English;
			hasScannedForEncodings = 0;
			knownRegions = (
				en,
				Base,
			);
			mainGroup = 25A8819F1E80478200764EE3;
			productRefGroup = 25A881A91E80478200764EE3 /* Products */;
			projectDirPath = "";
			projectRoot = "";
			targets = (
				25A881A71E80478200764EE3 /* Popr */,
				25A881BB1E80478200764EE3 /* PoprTests */,
				25A881C61E80478300764EE3 /* PoprUITests */,
			);
		};
/* End PBXProject section */

/* Begin PBXResourcesBuildPhase section */
		25A881A61E80478200764EE3 /* Resources */ = {
			isa = PBXResourcesBuildPhase;
			buildActionMask = 2147483647;
			files = (
				25A881B61E80478200764EE3 /* LaunchScreen.storyboard in Resources */,
				25A881B31E80478200764EE3 /* Assets.xcassets in Resources */,
				259550781E8321C00076EA86 /* GoogleService-Info.plist in Resources */,
				2595506D1E82F8740076EA86 /* Main-Signup-Login.storyboard in Resources */,
				25A881B11E80478200764EE3 /* Main.storyboard in Resources */,
			);
			runOnlyForDeploymentPostprocessing = 0;
		};
		25A881BA1E80478200764EE3 /* Resources */ = {
			isa = PBXResourcesBuildPhase;
			buildActionMask = 2147483647;
			files = (
			);
			runOnlyForDeploymentPostprocessing = 0;
		};
		25A881C51E80478300764EE3 /* Resources */ = {
			isa = PBXResourcesBuildPhase;
			buildActionMask = 2147483647;
			files = (
			);
			runOnlyForDeploymentPostprocessing = 0;
		};
/* End PBXResourcesBuildPhase section */

/* Begin PBXSourcesBuildPhase section */
		25A881A41E80478200764EE3 /* Sources */ = {
			isa = PBXSourcesBuildPhase;
			buildActionMask = 2147483647;
			files = (
				259550731E82FCD50076EA86 /* MainLoginViewController.swift in Sources */,
				2595506F1E82FCBD0076EA86 /* LoginViewController.swift in Sources */,
				25A881F51E804EC700764EE3 /* ViewController.swift in Sources */,
				259550711E82FCC70076EA86 /* SignUpViewController.swift in Sources */,
				25A881AC1E80478200764EE3 /* AppDelegate.swift in Sources */,
			);
			runOnlyForDeploymentPostprocessing = 0;
		};
		25A881B81E80478200764EE3 /* Sources */ = {
			isa = PBXSourcesBuildPhase;
			buildActionMask = 2147483647;
			files = (
				25A881C11E80478300764EE3 /* PoprTests.swift in Sources */,
			);
			runOnlyForDeploymentPostprocessing = 0;
		};
		25A881C31E80478300764EE3 /* Sources */ = {
			isa = PBXSourcesBuildPhase;
			buildActionMask = 2147483647;
			files = (
				25A881CC1E80478300764EE3 /* PoprUITests.swift in Sources */,
			);
			runOnlyForDeploymentPostprocessing = 0;
		};
/* End PBXSourcesBuildPhase section */

/* Begin PBXTargetDependency section */
		25A881BE1E80478200764EE3 /* PBXTargetDependency */ = {
			isa = PBXTargetDependency;
			target = 25A881A71E80478200764EE3 /* Popr */;
			targetProxy = 25A881BD1E80478200764EE3 /* PBXContainerItemProxy */;
		};
		25A881C91E80478300764EE3 /* PBXTargetDependency */ = {
			isa = PBXTargetDependency;
			target = 25A881A71E80478200764EE3 /* Popr */;
			targetProxy = 25A881C81E80478300764EE3 /* PBXContainerItemProxy */;
		};
/* End PBXTargetDependency section */

/* Begin PBXVariantGroup section */
		25A881AF1E80478200764EE3 /* Main.storyboard */ = {
			isa = PBXVariantGroup;
			children = (
				25A881B01E80478200764EE3 /* Base */,
			);
			name = Main.storyboard;
			sourceTree = "<group>";
		};
		25A881B41E80478200764EE3 /* LaunchScreen.storyboard */ = {
			isa = PBXVariantGroup;
			children = (
				25A881B51E80478200764EE3 /* Base */,
			);
			name = LaunchScreen.storyboard;
			sourceTree = "<group>";
		};
/* End PBXVariantGroup section */

/* Begin XCBuildConfiguration section */
		25A881CE1E80478300764EE3 /* Debug */ = {
			isa = XCBuildConfiguration;
			buildSettings = {
				ALWAYS_SEARCH_USER_PATHS = NO;
				CLANG_ANALYZER_NONNULL = YES;
				CLANG_CXX_LANGUAGE_STANDARD = "gnu++0x";
				CLANG_CXX_LIBRARY = "libc++";
				CLANG_ENABLE_MODULES = YES;
				CLANG_ENABLE_OBJC_ARC = YES;
				CLANG_WARN_BOOL_CONVERSION = YES;
				CLANG_WARN_CONSTANT_CONVERSION = YES;
				CLANG_WARN_DIRECT_OBJC_ISA_USAGE = YES_ERROR;
				CLANG_WARN_DOCUMENTATION_COMMENTS = YES;
				CLANG_WARN_EMPTY_BODY = YES;
				CLANG_WARN_ENUM_CONVERSION = YES;
				CLANG_WARN_INFINITE_RECURSION = YES;
				CLANG_WARN_INT_CONVERSION = YES;
				CLANG_WARN_OBJC_ROOT_CLASS = YES_ERROR;
				CLANG_WARN_SUSPICIOUS_MOVE = YES;
				CLANG_WARN_UNREACHABLE_CODE = YES;
				CLANG_WARN__DUPLICATE_METHOD_MATCH = YES;
				"CODE_SIGN_IDENTITY[sdk=iphoneos*]" = "iPhone Developer";
				COPY_PHASE_STRIP = NO;
				DEBUG_INFORMATION_FORMAT = dwarf;
				ENABLE_STRICT_OBJC_MSGSEND = YES;
				ENABLE_TESTABILITY = YES;
				GCC_C_LANGUAGE_STANDARD = gnu99;
				GCC_DYNAMIC_NO_PIC = NO;
				GCC_NO_COMMON_BLOCKS = YES;
				GCC_OPTIMIZATION_LEVEL = 0;
				GCC_PREPROCESSOR_DEFINITIONS = (
					"DEBUG=1",
					"$(inherited)",
				);
				GCC_WARN_64_TO_32_BIT_CONVERSION = YES;
				GCC_WARN_ABOUT_RETURN_TYPE = YES_ERROR;
				GCC_WARN_UNDECLARED_SELECTOR = YES;
				GCC_WARN_UNINITIALIZED_AUTOS = YES_AGGRESSIVE;
				GCC_WARN_UNUSED_FUNCTION = YES;
				GCC_WARN_UNUSED_VARIABLE = YES;
				IPHONEOS_DEPLOYMENT_TARGET = 10.2;
				MTL_ENABLE_DEBUG_INFO = YES;
				ONLY_ACTIVE_ARCH = YES;
				SDKROOT = iphoneos;
				SWIFT_ACTIVE_COMPILATION_CONDITIONS = DEBUG;
				SWIFT_OPTIMIZATION_LEVEL = "-Onone";
				TARGETED_DEVICE_FAMILY = "1,2";
			};
			name = Debug;
		};
		25A881CF1E80478300764EE3 /* Release */ = {
			isa = XCBuildConfiguration;
			buildSettings = {
				ALWAYS_SEARCH_USER_PATHS = NO;
				CLANG_ANALYZER_NONNULL = YES;
				CLANG_CXX_LANGUAGE_STANDARD = "gnu++0x";
				CLANG_CXX_LIBRARY = "libc++";
				CLANG_ENABLE_MODULES = YES;
				CLANG_ENABLE_OBJC_ARC = YES;
				CLANG_WARN_BOOL_CONVERSION = YES;
				CLANG_WARN_CONSTANT_CONVERSION = YES;
				CLANG_WARN_DIRECT_OBJC_ISA_USAGE = YES_ERROR;
				CLANG_WARN_DOCUMENTATION_COMMENTS = YES;
				CLANG_WARN_EMPTY_BODY = YES;
				CLANG_WARN_ENUM_CONVERSION = YES;
				CLANG_WARN_INFINITE_RECURSION = YES;
				CLANG_WARN_INT_CONVERSION = YES;
				CLANG_WARN_OBJC_ROOT_CLASS = YES_ERROR;
				CLANG_WARN_SUSPICIOUS_MOVE = YES;
				CLANG_WARN_UNREACHABLE_CODE = YES;
				CLANG_WARN__DUPLICATE_METHOD_MATCH = YES;
				"CODE_SIGN_IDENTITY[sdk=iphoneos*]" = "iPhone Developer";
				COPY_PHASE_STRIP = NO;
				DEBUG_INFORMATION_FORMAT = "dwarf-with-dsym";
				ENABLE_NS_ASSERTIONS = NO;
				ENABLE_STRICT_OBJC_MSGSEND = YES;
				GCC_C_LANGUAGE_STANDARD = gnu99;
				GCC_NO_COMMON_BLOCKS = YES;
				GCC_WARN_64_TO_32_BIT_CONVERSION = YES;
				GCC_WARN_ABOUT_RETURN_TYPE = YES_ERROR;
				GCC_WARN_UNDECLARED_SELECTOR = YES;
				GCC_WARN_UNINITIALIZED_AUTOS = YES_AGGRESSIVE;
				GCC_WARN_UNUSED_FUNCTION = YES;
				GCC_WARN_UNUSED_VARIABLE = YES;
				IPHONEOS_DEPLOYMENT_TARGET = 10.2;
				MTL_ENABLE_DEBUG_INFO = NO;
				SDKROOT = iphoneos;
				SWIFT_OPTIMIZATION_LEVEL = "-Owholemodule";
				TARGETED_DEVICE_FAMILY = "1,2";
				VALIDATE_PRODUCT = YES;
			};
			name = Release;
		};
		25A881D11E80478300764EE3 /* Debug */ = {
			isa = XCBuildConfiguration;
			buildSettings = {
				ASSETCATALOG_COMPILER_APPICON_NAME = AppIcon;
				DEVELOPMENT_TEAM = RL292UUN9S;
				INFOPLIST_FILE = Popr/Info.plist;
				LD_RUNPATH_SEARCH_PATHS = "$(inherited) @executable_path/Frameworks";
				PRODUCT_BUNDLE_IDENTIFIER = kennybatista.Popr;
				PRODUCT_NAME = "$(TARGET_NAME)";
				SWIFT_VERSION = 3.0;
			};
			name = Debug;
		};
		25A881D21E80478300764EE3 /* Release */ = {
			isa = XCBuildConfiguration;
			buildSettings = {
				ASSETCATALOG_COMPILER_APPICON_NAME = AppIcon;
				DEVELOPMENT_TEAM = RL292UUN9S;
				INFOPLIST_FILE = Popr/Info.plist;
				LD_RUNPATH_SEARCH_PATHS = "$(inherited) @executable_path/Frameworks";
				PRODUCT_BUNDLE_IDENTIFIER = kennybatista.Popr;
				PRODUCT_NAME = "$(TARGET_NAME)";
				SWIFT_VERSION = 3.0;
			};
			name = Release;
		};
		25A881D41E80478300764EE3 /* Debug */ = {
			isa = XCBuildConfiguration;
			buildSettings = {
				ALWAYS_EMBED_SWIFT_STANDARD_LIBRARIES = YES;
				BUNDLE_LOADER = "$(TEST_HOST)";
				DEVELOPMENT_TEAM = RL292UUN9S;
				INFOPLIST_FILE = PoprTests/Info.plist;
				LD_RUNPATH_SEARCH_PATHS = "$(inherited) @executable_path/Frameworks @loader_path/Frameworks";
				PRODUCT_BUNDLE_IDENTIFIER = kennybatista.PoprTests;
				PRODUCT_NAME = "$(TARGET_NAME)";
				SWIFT_VERSION = 3.0;
				TEST_HOST = "$(BUILT_PRODUCTS_DIR)/Popr.app/Popr";
			};
			name = Debug;
		};
		25A881D51E80478300764EE3 /* Release */ = {
			isa = XCBuildConfiguration;
			buildSettings = {
				ALWAYS_EMBED_SWIFT_STANDARD_LIBRARIES = YES;
				BUNDLE_LOADER = "$(TEST_HOST)";
				DEVELOPMENT_TEAM = RL292UUN9S;
				INFOPLIST_FILE = PoprTests/Info.plist;
				LD_RUNPATH_SEARCH_PATHS = "$(inherited) @executable_path/Frameworks @loader_path/Frameworks";
				PRODUCT_BUNDLE_IDENTIFIER = kennybatista.PoprTests;
				PRODUCT_NAME = "$(TARGET_NAME)";
				SWIFT_VERSION = 3.0;
				TEST_HOST = "$(BUILT_PRODUCTS_DIR)/Popr.app/Popr";
			};
			name = Release;
		};
		25A881D71E80478300764EE3 /* Debug */ = {
			isa = XCBuildConfiguration;
			buildSettings = {
				ALWAYS_EMBED_SWIFT_STANDARD_LIBRARIES = YES;
				DEVELOPMENT_TEAM = RL292UUN9S;
				INFOPLIST_FILE = PoprUITests/Info.plist;
				LD_RUNPATH_SEARCH_PATHS = "$(inherited) @executable_path/Frameworks @loader_path/Frameworks";
				PRODUCT_BUNDLE_IDENTIFIER = kennybatista.PoprUITests;
				PRODUCT_NAME = "$(TARGET_NAME)";
				SWIFT_VERSION = 3.0;
				TEST_TARGET_NAME = Popr;
			};
			name = Debug;
		};
		25A881D81E80478300764EE3 /* Release */ = {
			isa = XCBuildConfiguration;
			buildSettings = {
				ALWAYS_EMBED_SWIFT_STANDARD_LIBRARIES = YES;
				DEVELOPMENT_TEAM = RL292UUN9S;
				INFOPLIST_FILE = PoprUITests/Info.plist;
				LD_RUNPATH_SEARCH_PATHS = "$(inherited) @executable_path/Frameworks @loader_path/Frameworks";
				PRODUCT_BUNDLE_IDENTIFIER = kennybatista.PoprUITests;
				PRODUCT_NAME = "$(TARGET_NAME)";
				SWIFT_VERSION = 3.0;
				TEST_TARGET_NAME = Popr;
			};
			name = Release;
		};
/* End XCBuildConfiguration section */

/* Begin XCConfigurationList section */
		25A881A31E80478200764EE3 /* Build configuration list for PBXProject "Popr" */ = {
			isa = XCConfigurationList;
			buildConfigurations = (
				25A881CE1E80478300764EE3 /* Debug */,
				25A881CF1E80478300764EE3 /* Release */,
			);
			defaultConfigurationIsVisible = 0;
			defaultConfigurationName = Release;
		};
		25A881D01E80478300764EE3 /* Build configuration list for PBXNativeTarget "Popr" */ = {
			isa = XCConfigurationList;
			buildConfigurations = (
				25A881D11E80478300764EE3 /* Debug */,
				25A881D21E80478300764EE3 /* Release */,
			);
			defaultConfigurationIsVisible = 0;
			defaultConfigurationName = Release;
		};
		25A881D31E80478300764EE3 /* Build configuration list for PBXNativeTarget "PoprTests" */ = {
			isa = XCConfigurationList;
			buildConfigurations = (
				25A881D41E80478300764EE3 /* Debug */,
				25A881D51E80478300764EE3 /* Release */,
			);
			defaultConfigurationIsVisible = 0;
			defaultConfigurationName = Release;
		};
		25A881D61E80478300764EE3 /* Build configuration list for PBXNativeTarget "PoprUITests" */ = {
			isa = XCConfigurationList;
			buildConfigurations = (
				25A881D71E80478300764EE3 /* Debug */,
				25A881D81E80478300764EE3 /* Release */,
			);
			defaultConfigurationIsVisible = 0;
			defaultConfigurationName = Release;
		};
/* End XCConfigurationList section */
	};
	rootObject = 25A881A01E80478200764EE3 /* Project object */;
}
