// !$*UTF8*$!
{
	archiveVersion = 1;
	classes = {
	};
	objectVersion = 46;
	objects = {

/* Begin PBXBuildFile section */
		07BB909F0A1CF1E5088A0F65 /* Pods_whale_iosTests.framework in Frameworks */ = {isa = PBXBuildFile; fileRef = C092297F85A4E6E24DB27733 /* Pods_whale_iosTests.framework */; };
		25252E181E9BFE5B00C02E93 /* KeychainHelper.swift in Sources */ = {isa = PBXBuildFile; fileRef = 25252E171E9BFE5B00C02E93 /* KeychainHelper.swift */; };
		254DBE321E97DE130058DAB5 /* UserParser.swift in Sources */ = {isa = PBXBuildFile; fileRef = 254DBE311E97DE130058DAB5 /* UserParser.swift */; };
		256A079E1E93014300EF250E /* AppDelegate.swift in Sources */ = {isa = PBXBuildFile; fileRef = 256A079D1E93014300EF250E /* AppDelegate.swift */; };
		256A07A01E93014300EF250E /* ViewController.swift in Sources */ = {isa = PBXBuildFile; fileRef = 256A079F1E93014300EF250E /* ViewController.swift */; };
		256A07A31E93014300EF250E /* Main.storyboard in Resources */ = {isa = PBXBuildFile; fileRef = 256A07A11E93014300EF250E /* Main.storyboard */; };
		256A07A51E93014300EF250E /* Assets.xcassets in Resources */ = {isa = PBXBuildFile; fileRef = 256A07A41E93014300EF250E /* Assets.xcassets */; };
		256A07A81E93014300EF250E /* LaunchScreen.storyboard in Resources */ = {isa = PBXBuildFile; fileRef = 256A07A61E93014300EF250E /* LaunchScreen.storyboard */; };
		256A07B31E93014300EF250E /* whale_iosTests.swift in Sources */ = {isa = PBXBuildFile; fileRef = 256A07B21E93014300EF250E /* whale_iosTests.swift */; };
		256A07BE1E93014300EF250E /* whale_iosUITests.swift in Sources */ = {isa = PBXBuildFile; fileRef = 256A07BD1E93014300EF250E /* whale_iosUITests.swift */; };
		256A07D01E93042D00EF250E /* NetworkHelper.swift in Sources */ = {isa = PBXBuildFile; fileRef = 256A07CF1E93042D00EF250E /* NetworkHelper.swift */; };
		66EB5BE589758197697497C1 /* Pods_whale_ios.framework in Frameworks */ = {isa = PBXBuildFile; fileRef = FED1499C44C1747676384120 /* Pods_whale_ios.framework */; };
		988E48086D8120D26601FAC3 /* Pods_whale_iosUITests.framework in Frameworks */ = {isa = PBXBuildFile; fileRef = EBDA315F854AC83BFEC16172 /* Pods_whale_iosUITests.framework */; };
/* End PBXBuildFile section */

/* Begin PBXContainerItemProxy section */
		256A07AF1E93014300EF250E /* PBXContainerItemProxy */ = {
			isa = PBXContainerItemProxy;
			containerPortal = 256A07921E93014300EF250E /* Project object */;
			proxyType = 1;
			remoteGlobalIDString = 256A07991E93014300EF250E;
			remoteInfo = "whale-ios";
		};
		256A07BA1E93014300EF250E /* PBXContainerItemProxy */ = {
			isa = PBXContainerItemProxy;
			containerPortal = 256A07921E93014300EF250E /* Project object */;
			proxyType = 1;
			remoteGlobalIDString = 256A07991E93014300EF250E;
			remoteInfo = "whale-ios";
		};
/* End PBXContainerItemProxy section */

/* Begin PBXFileReference section */
		0EC2E4BA4573676444DBA25F /* Pods-whale-ios.release.xcconfig */ = {isa = PBXFileReference; includeInIndex = 1; lastKnownFileType = text.xcconfig; name = "Pods-whale-ios.release.xcconfig"; path = "Pods/Target Support Files/Pods-whale-ios/Pods-whale-ios.release.xcconfig"; sourceTree = "<group>"; };
		1ACD02BFF1C75EF99FC9C2C9 /* Pods-whale-iosUITests.debug.xcconfig */ = {isa = PBXFileReference; includeInIndex = 1; lastKnownFileType = text.xcconfig; name = "Pods-whale-iosUITests.debug.xcconfig"; path = "Pods/Target Support Files/Pods-whale-iosUITests/Pods-whale-iosUITests.debug.xcconfig"; sourceTree = "<group>"; };
		25252E171E9BFE5B00C02E93 /* KeychainHelper.swift */ = {isa = PBXFileReference; fileEncoding = 4; lastKnownFileType = sourcecode.swift; path = KeychainHelper.swift; sourceTree = "<group>"; };
		254DBE301E956A090058DAB5 /* MyPlayground.playground */ = {isa = PBXFileReference; lastKnownFileType = file.playground; path = MyPlayground.playground; sourceTree = "<group>"; };
		254DBE311E97DE130058DAB5 /* UserParser.swift */ = {isa = PBXFileReference; fileEncoding = 4; lastKnownFileType = sourcecode.swift; path = UserParser.swift; sourceTree = "<group>"; };
		256A079A1E93014300EF250E /* whale-ios.app */ = {isa = PBXFileReference; explicitFileType = wrapper.application; includeInIndex = 0; path = "whale-ios.app"; sourceTree = BUILT_PRODUCTS_DIR; };
		256A079D1E93014300EF250E /* AppDelegate.swift */ = {isa = PBXFileReference; lastKnownFileType = sourcecode.swift; path = AppDelegate.swift; sourceTree = "<group>"; };
		256A079F1E93014300EF250E /* ViewController.swift */ = {isa = PBXFileReference; lastKnownFileType = sourcecode.swift; path = ViewController.swift; sourceTree = "<group>"; };
		256A07A21E93014300EF250E /* Base */ = {isa = PBXFileReference; lastKnownFileType = file.storyboard; name = Base; path = Base.lproj/Main.storyboard; sourceTree = "<group>"; };
		256A07A41E93014300EF250E /* Assets.xcassets */ = {isa = PBXFileReference; lastKnownFileType = folder.assetcatalog; path = Assets.xcassets; sourceTree = "<group>"; };
		256A07A71E93014300EF250E /* Base */ = {isa = PBXFileReference; lastKnownFileType = file.storyboard; name = Base; path = Base.lproj/LaunchScreen.storyboard; sourceTree = "<group>"; };
		256A07A91E93014300EF250E /* Info.plist */ = {isa = PBXFileReference; lastKnownFileType = text.plist.xml; path = Info.plist; sourceTree = "<group>"; };
		256A07AE1E93014300EF250E /* whale-iosTests.xctest */ = {isa = PBXFileReference; explicitFileType = wrapper.cfbundle; includeInIndex = 0; path = "whale-iosTests.xctest"; sourceTree = BUILT_PRODUCTS_DIR; };
		256A07B21E93014300EF250E /* whale_iosTests.swift */ = {isa = PBXFileReference; lastKnownFileType = sourcecode.swift; path = whale_iosTests.swift; sourceTree = "<group>"; };
		256A07B41E93014300EF250E /* Info.plist */ = {isa = PBXFileReference; lastKnownFileType = text.plist.xml; path = Info.plist; sourceTree = "<group>"; };
		256A07B91E93014300EF250E /* whale-iosUITests.xctest */ = {isa = PBXFileReference; explicitFileType = wrapper.cfbundle; includeInIndex = 0; path = "whale-iosUITests.xctest"; sourceTree = BUILT_PRODUCTS_DIR; };
		256A07BD1E93014300EF250E /* whale_iosUITests.swift */ = {isa = PBXFileReference; lastKnownFileType = sourcecode.swift; path = whale_iosUITests.swift; sourceTree = "<group>"; };
		256A07BF1E93014300EF250E /* Info.plist */ = {isa = PBXFileReference; lastKnownFileType = text.plist.xml; path = Info.plist; sourceTree = "<group>"; };
		256A07CF1E93042D00EF250E /* NetworkHelper.swift */ = {isa = PBXFileReference; fileEncoding = 4; lastKnownFileType = sourcecode.swift; path = NetworkHelper.swift; sourceTree = "<group>"; };
		333D428A8AFAD9D72BA3E41B /* Pods-whale-iosTests.release.xcconfig */ = {isa = PBXFileReference; includeInIndex = 1; lastKnownFileType = text.xcconfig; name = "Pods-whale-iosTests.release.xcconfig"; path = "Pods/Target Support Files/Pods-whale-iosTests/Pods-whale-iosTests.release.xcconfig"; sourceTree = "<group>"; };
		6AD8E624D4F89E35FE942E4F /* Pods-whale-ios.debug.xcconfig */ = {isa = PBXFileReference; includeInIndex = 1; lastKnownFileType = text.xcconfig; name = "Pods-whale-ios.debug.xcconfig"; path = "Pods/Target Support Files/Pods-whale-ios/Pods-whale-ios.debug.xcconfig"; sourceTree = "<group>"; };
		B624DFD5F03C5C19147AC497 /* Pods-whale-iosTests.debug.xcconfig */ = {isa = PBXFileReference; includeInIndex = 1; lastKnownFileType = text.xcconfig; name = "Pods-whale-iosTests.debug.xcconfig"; path = "Pods/Target Support Files/Pods-whale-iosTests/Pods-whale-iosTests.debug.xcconfig"; sourceTree = "<group>"; };
		BA05BF5A2E865BF4C64CE558 /* Pods-whale-iosUITests.release.xcconfig */ = {isa = PBXFileReference; includeInIndex = 1; lastKnownFileType = text.xcconfig; name = "Pods-whale-iosUITests.release.xcconfig"; path = "Pods/Target Support Files/Pods-whale-iosUITests/Pods-whale-iosUITests.release.xcconfig"; sourceTree = "<group>"; };
		C092297F85A4E6E24DB27733 /* Pods_whale_iosTests.framework */ = {isa = PBXFileReference; explicitFileType = wrapper.framework; includeInIndex = 0; path = Pods_whale_iosTests.framework; sourceTree = BUILT_PRODUCTS_DIR; };
		EBDA315F854AC83BFEC16172 /* Pods_whale_iosUITests.framework */ = {isa = PBXFileReference; explicitFileType = wrapper.framework; includeInIndex = 0; path = Pods_whale_iosUITests.framework; sourceTree = BUILT_PRODUCTS_DIR; };
		FED1499C44C1747676384120 /* Pods_whale_ios.framework */ = {isa = PBXFileReference; explicitFileType = wrapper.framework; includeInIndex = 0; path = Pods_whale_ios.framework; sourceTree = BUILT_PRODUCTS_DIR; };
/* End PBXFileReference section */

/* Begin PBXFrameworksBuildPhase section */
		256A07971E93014300EF250E /* Frameworks */ = {
			isa = PBXFrameworksBuildPhase;
			buildActionMask = 2147483647;
			files = (
				66EB5BE589758197697497C1 /* Pods_whale_ios.framework in Frameworks */,
			);
			runOnlyForDeploymentPostprocessing = 0;
		};
		256A07AB1E93014300EF250E /* Frameworks */ = {
			isa = PBXFrameworksBuildPhase;
			buildActionMask = 2147483647;
			files = (
				07BB909F0A1CF1E5088A0F65 /* Pods_whale_iosTests.framework in Frameworks */,
			);
			runOnlyForDeploymentPostprocessing = 0;
		};
		256A07B61E93014300EF250E /* Frameworks */ = {
			isa = PBXFrameworksBuildPhase;
			buildActionMask = 2147483647;
			files = (
				988E48086D8120D26601FAC3 /* Pods_whale_iosUITests.framework in Frameworks */,
			);
			runOnlyForDeploymentPostprocessing = 0;
		};
/* End PBXFrameworksBuildPhase section */

/* Begin PBXGroup section */
		256A07911E93014300EF250E = {
			isa = PBXGroup;
			children = (
				256A079C1E93014300EF250E /* whale-ios */,
				256A07B11E93014300EF250E /* whale-iosTests */,
				256A07BC1E93014300EF250E /* whale-iosUITests */,
				256A079B1E93014300EF250E /* Products */,
				A9AE390CA89A0211C5BE9874 /* Pods */,
				A7545409C63214BD303D06C1 /* Frameworks */,
			);
			sourceTree = "<group>";
		};
		256A079B1E93014300EF250E /* Products */ = {
			isa = PBXGroup;
			children = (
				256A079A1E93014300EF250E /* whale-ios.app */,
				256A07AE1E93014300EF250E /* whale-iosTests.xctest */,
				256A07B91E93014300EF250E /* whale-iosUITests.xctest */,
			);
			name = Products;
			sourceTree = "<group>";
		};
		256A079C1E93014300EF250E /* whale-ios */ = {
			isa = PBXGroup;
			children = (
				256A079D1E93014300EF250E /* AppDelegate.swift */,
				254DBE301E956A090058DAB5 /* MyPlayground.playground */,
				256A07CD1E93026300EF250E /* Networking */,
				256A07CE1E93028000EF250E /* Models */,
				256A07CC1E93025F00EF250E /* UI */,
				256A07CB1E93025300EF250E /* Controllers */,
				256A07A11E93014300EF250E /* Main.storyboard */,
				256A07A41E93014300EF250E /* Assets.xcassets */,
				256A07A61E93014300EF250E /* LaunchScreen.storyboard */,
				256A07A91E93014300EF250E /* Info.plist */,
			);
			path = "whale-ios";
			sourceTree = "<group>";
		};
		256A07B11E93014300EF250E /* whale-iosTests */ = {
			isa = PBXGroup;
			children = (
				256A07B21E93014300EF250E /* whale_iosTests.swift */,
				256A07B41E93014300EF250E /* Info.plist */,
			);
			path = "whale-iosTests";
			sourceTree = "<group>";
		};
		256A07BC1E93014300EF250E /* whale-iosUITests */ = {
			isa = PBXGroup;
			children = (
				256A07BD1E93014300EF250E /* whale_iosUITests.swift */,
				256A07BF1E93014300EF250E /* Info.plist */,
			);
			path = "whale-iosUITests";
			sourceTree = "<group>";
		};
		256A07CB1E93025300EF250E /* Controllers */ = {
			isa = PBXGroup;
			children = (
				256A079F1E93014300EF250E /* ViewController.swift */,
			);
			name = Controllers;
			sourceTree = "<group>";
		};
		256A07CC1E93025F00EF250E /* UI */ = {
			isa = PBXGroup;
			children = (
			);
			name = UI;
			sourceTree = "<group>";
		};
		256A07CD1E93026300EF250E /* Networking */ = {
			isa = PBXGroup;
			children = (
				256A07CF1E93042D00EF250E /* NetworkHelper.swift */,
				25252E171E9BFE5B00C02E93 /* KeychainHelper.swift */,
			);
			name = Networking;
			sourceTree = "<group>";
		};
		256A07CE1E93028000EF250E /* Models */ = {
			isa = PBXGroup;
			children = (
				254DBE311E97DE130058DAB5 /* UserParser.swift */,
			);
			name = Models;
			sourceTree = "<group>";
		};
		A7545409C63214BD303D06C1 /* Frameworks */ = {
			isa = PBXGroup;
			children = (
				FED1499C44C1747676384120 /* Pods_whale_ios.framework */,
				C092297F85A4E6E24DB27733 /* Pods_whale_iosTests.framework */,
				EBDA315F854AC83BFEC16172 /* Pods_whale_iosUITests.framework */,
			);
			name = Frameworks;
			sourceTree = "<group>";
		};
		A9AE390CA89A0211C5BE9874 /* Pods */ = {
			isa = PBXGroup;
			children = (
				6AD8E624D4F89E35FE942E4F /* Pods-whale-ios.debug.xcconfig */,
				0EC2E4BA4573676444DBA25F /* Pods-whale-ios.release.xcconfig */,
				B624DFD5F03C5C19147AC497 /* Pods-whale-iosTests.debug.xcconfig */,
				333D428A8AFAD9D72BA3E41B /* Pods-whale-iosTests.release.xcconfig */,
				1ACD02BFF1C75EF99FC9C2C9 /* Pods-whale-iosUITests.debug.xcconfig */,
				BA05BF5A2E865BF4C64CE558 /* Pods-whale-iosUITests.release.xcconfig */,
			);
			name = Pods;
			sourceTree = "<group>";
		};
/* End PBXGroup section */

/* Begin PBXNativeTarget section */
		256A07991E93014300EF250E /* whale-ios */ = {
			isa = PBXNativeTarget;
			buildConfigurationList = 256A07C21E93014300EF250E /* Build configuration list for PBXNativeTarget "whale-ios" */;
			buildPhases = (
				C68D11953238B2B8ED3C55CE /* [CP] Check Pods Manifest.lock */,
				256A07961E93014300EF250E /* Sources */,
				256A07971E93014300EF250E /* Frameworks */,
				256A07981E93014300EF250E /* Resources */,
				978BC9F6B9874D8E6C99AD79 /* [CP] Embed Pods Frameworks */,
				0A22491A8BBDBC6DFC414132 /* [CP] Copy Pods Resources */,
			);
			buildRules = (
			);
			dependencies = (
			);
			name = "whale-ios";
			productName = "whale-ios";
			productReference = 256A079A1E93014300EF250E /* whale-ios.app */;
			productType = "com.apple.product-type.application";
		};
		256A07AD1E93014300EF250E /* whale-iosTests */ = {
			isa = PBXNativeTarget;
			buildConfigurationList = 256A07C51E93014300EF250E /* Build configuration list for PBXNativeTarget "whale-iosTests" */;
			buildPhases = (
				79E609D3F6A475DD57DA45DD /* [CP] Check Pods Manifest.lock */,
				256A07AA1E93014300EF250E /* Sources */,
				256A07AB1E93014300EF250E /* Frameworks */,
				256A07AC1E93014300EF250E /* Resources */,
				F66B1E0AF5786C4416CB01D7 /* [CP] Embed Pods Frameworks */,
				6A65FD4FB0E26A9F793950FD /* [CP] Copy Pods Resources */,
			);
			buildRules = (
			);
			dependencies = (
				256A07B01E93014300EF250E /* PBXTargetDependency */,
			);
			name = "whale-iosTests";
			productName = "whale-iosTests";
			productReference = 256A07AE1E93014300EF250E /* whale-iosTests.xctest */;
			productType = "com.apple.product-type.bundle.unit-test";
		};
		256A07B81E93014300EF250E /* whale-iosUITests */ = {
			isa = PBXNativeTarget;
			buildConfigurationList = 256A07C81E93014300EF250E /* Build configuration list for PBXNativeTarget "whale-iosUITests" */;
			buildPhases = (
				AC1126B5CEC5DA53B1097CD4 /* [CP] Check Pods Manifest.lock */,
				256A07B51E93014300EF250E /* Sources */,
				256A07B61E93014300EF250E /* Frameworks */,
				256A07B71E93014300EF250E /* Resources */,
				18EA361ECDC23190548EC729 /* [CP] Embed Pods Frameworks */,
				61A9382E6BB0451018503CF7 /* [CP] Copy Pods Resources */,
			);
			buildRules = (
			);
			dependencies = (
				256A07BB1E93014300EF250E /* PBXTargetDependency */,
			);
			name = "whale-iosUITests";
			productName = "whale-iosUITests";
			productReference = 256A07B91E93014300EF250E /* whale-iosUITests.xctest */;
			productType = "com.apple.product-type.bundle.ui-testing";
		};
/* End PBXNativeTarget section */

/* Begin PBXProject section */
		256A07921E93014300EF250E /* Project object */ = {
			isa = PBXProject;
			attributes = {
				LastSwiftUpdateCheck = 0820;
				LastUpgradeCheck = 0820;
				ORGANIZATIONNAME = "Kenny Batista";
				TargetAttributes = {
					256A07991E93014300EF250E = {
						CreatedOnToolsVersion = 8.2.1;
						DevelopmentTeam = RL292UUN9S;
						ProvisioningStyle = Automatic;
					};
					256A07AD1E93014300EF250E = {
						CreatedOnToolsVersion = 8.2.1;
						DevelopmentTeam = RL292UUN9S;
						ProvisioningStyle = Automatic;
						TestTargetID = 256A07991E93014300EF250E;
					};
					256A07B81E93014300EF250E = {
						CreatedOnToolsVersion = 8.2.1;
						DevelopmentTeam = RL292UUN9S;
						ProvisioningStyle = Automatic;
						TestTargetID = 256A07991E93014300EF250E;
					};
				};
			};
			buildConfigurationList = 256A07951E93014300EF250E /* Build configuration list for PBXProject "whale-ios" */;
			compatibilityVersion = "Xcode 3.2";
			developmentRegion = English;
			hasScannedForEncodings = 0;
			knownRegions = (
				en,
				Base,
			);
			mainGroup = 256A07911E93014300EF250E;
			productRefGroup = 256A079B1E93014300EF250E /* Products */;
			projectDirPath = "";
			projectRoot = "";
			targets = (
				256A07991E93014300EF250E /* whale-ios */,
				256A07AD1E93014300EF250E /* whale-iosTests */,
				256A07B81E93014300EF250E /* whale-iosUITests */,
			);
		};
/* End PBXProject section */

/* Begin PBXResourcesBuildPhase section */
		256A07981E93014300EF250E /* Resources */ = {
			isa = PBXResourcesBuildPhase;
			buildActionMask = 2147483647;
			files = (
				256A07A81E93014300EF250E /* LaunchScreen.storyboard in Resources */,
				256A07A51E93014300EF250E /* Assets.xcassets in Resources */,
				256A07A31E93014300EF250E /* Main.storyboard in Resources */,
			);
			runOnlyForDeploymentPostprocessing = 0;
		};
		256A07AC1E93014300EF250E /* Resources */ = {
			isa = PBXResourcesBuildPhase;
			buildActionMask = 2147483647;
			files = (
			);
			runOnlyForDeploymentPostprocessing = 0;
		};
		256A07B71E93014300EF250E /* Resources */ = {
			isa = PBXResourcesBuildPhase;
			buildActionMask = 2147483647;
			files = (
			);
			runOnlyForDeploymentPostprocessing = 0;
		};
/* End PBXResourcesBuildPhase section */

/* Begin PBXShellScriptBuildPhase section */
		0A22491A8BBDBC6DFC414132 /* [CP] Copy Pods Resources */ = {
			isa = PBXShellScriptBuildPhase;
			buildActionMask = 2147483647;
			files = (
			);
			inputPaths = (
			);
			name = "[CP] Copy Pods Resources";
			outputPaths = (
			);
			runOnlyForDeploymentPostprocessing = 0;
			shellPath = /bin/sh;
			shellScript = "\"${SRCROOT}/Pods/Target Support Files/Pods-whale-ios/Pods-whale-ios-resources.sh\"\n";
			showEnvVarsInLog = 0;
		};
		18EA361ECDC23190548EC729 /* [CP] Embed Pods Frameworks */ = {
			isa = PBXShellScriptBuildPhase;
			buildActionMask = 2147483647;
			files = (
			);
			inputPaths = (
			);
			name = "[CP] Embed Pods Frameworks";
			outputPaths = (
			);
			runOnlyForDeploymentPostprocessing = 0;
			shellPath = /bin/sh;
			shellScript = "\"${SRCROOT}/Pods/Target Support Files/Pods-whale-iosUITests/Pods-whale-iosUITests-frameworks.sh\"\n";
			showEnvVarsInLog = 0;
		};
		61A9382E6BB0451018503CF7 /* [CP] Copy Pods Resources */ = {
			isa = PBXShellScriptBuildPhase;
			buildActionMask = 2147483647;
			files = (
			);
			inputPaths = (
			);
			name = "[CP] Copy Pods Resources";
			outputPaths = (
			);
			runOnlyForDeploymentPostprocessing = 0;
			shellPath = /bin/sh;
			shellScript = "\"${SRCROOT}/Pods/Target Support Files/Pods-whale-iosUITests/Pods-whale-iosUITests-resources.sh\"\n";
			showEnvVarsInLog = 0;
		};
		6A65FD4FB0E26A9F793950FD /* [CP] Copy Pods Resources */ = {
			isa = PBXShellScriptBuildPhase;
			buildActionMask = 2147483647;
			files = (
			);
			inputPaths = (
			);
			name = "[CP] Copy Pods Resources";
			outputPaths = (
			);
			runOnlyForDeploymentPostprocessing = 0;
			shellPath = /bin/sh;
			shellScript = "\"${SRCROOT}/Pods/Target Support Files/Pods-whale-iosTests/Pods-whale-iosTests-resources.sh\"\n";
			showEnvVarsInLog = 0;
		};
		79E609D3F6A475DD57DA45DD /* [CP] Check Pods Manifest.lock */ = {
			isa = PBXShellScriptBuildPhase;
			buildActionMask = 2147483647;
			files = (
			);
			inputPaths = (
			);
			name = "[CP] Check Pods Manifest.lock";
			outputPaths = (
			);
			runOnlyForDeploymentPostprocessing = 0;
			shellPath = /bin/sh;
			shellScript = "diff \"${PODS_ROOT}/../Podfile.lock\" \"${PODS_ROOT}/Manifest.lock\" > /dev/null\nif [ $? != 0 ] ; then\n    # print error to STDERR\n    echo \"error: The sandbox is not in sync with the Podfile.lock. Run 'pod install' or update your CocoaPods installation.\" >&2\n    exit 1\nfi\n";
			showEnvVarsInLog = 0;
		};
		978BC9F6B9874D8E6C99AD79 /* [CP] Embed Pods Frameworks */ = {
			isa = PBXShellScriptBuildPhase;
			buildActionMask = 2147483647;
			files = (
			);
			inputPaths = (
			);
			name = "[CP] Embed Pods Frameworks";
			outputPaths = (
			);
			runOnlyForDeploymentPostprocessing = 0;
			shellPath = /bin/sh;
			shellScript = "\"${SRCROOT}/Pods/Target Support Files/Pods-whale-ios/Pods-whale-ios-frameworks.sh\"\n";
			showEnvVarsInLog = 0;
		};
		AC1126B5CEC5DA53B1097CD4 /* [CP] Check Pods Manifest.lock */ = {
			isa = PBXShellScriptBuildPhase;
			buildActionMask = 2147483647;
			files = (
			);
			inputPaths = (
			);
			name = "[CP] Check Pods Manifest.lock";
			outputPaths = (
			);
			runOnlyForDeploymentPostprocessing = 0;
			shellPath = /bin/sh;
			shellScript = "diff \"${PODS_ROOT}/../Podfile.lock\" \"${PODS_ROOT}/Manifest.lock\" > /dev/null\nif [ $? != 0 ] ; then\n    # print error to STDERR\n    echo \"error: The sandbox is not in sync with the Podfile.lock. Run 'pod install' or update your CocoaPods installation.\" >&2\n    exit 1\nfi\n";
			showEnvVarsInLog = 0;
		};
		C68D11953238B2B8ED3C55CE /* [CP] Check Pods Manifest.lock */ = {
			isa = PBXShellScriptBuildPhase;
			buildActionMask = 2147483647;
			files = (
			);
			inputPaths = (
			);
			name = "[CP] Check Pods Manifest.lock";
			outputPaths = (
			);
			runOnlyForDeploymentPostprocessing = 0;
			shellPath = /bin/sh;
			shellScript = "diff \"${PODS_ROOT}/../Podfile.lock\" \"${PODS_ROOT}/Manifest.lock\" > /dev/null\nif [ $? != 0 ] ; then\n    # print error to STDERR\n    echo \"error: The sandbox is not in sync with the Podfile.lock. Run 'pod install' or update your CocoaPods installation.\" >&2\n    exit 1\nfi\n";
			showEnvVarsInLog = 0;
		};
		F66B1E0AF5786C4416CB01D7 /* [CP] Embed Pods Frameworks */ = {
			isa = PBXShellScriptBuildPhase;
			buildActionMask = 2147483647;
			files = (
			);
			inputPaths = (
			);
			name = "[CP] Embed Pods Frameworks";
			outputPaths = (
			);
			runOnlyForDeploymentPostprocessing = 0;
			shellPath = /bin/sh;
			shellScript = "\"${SRCROOT}/Pods/Target Support Files/Pods-whale-iosTests/Pods-whale-iosTests-frameworks.sh\"\n";
			showEnvVarsInLog = 0;
		};
/* End PBXShellScriptBuildPhase section */

/* Begin PBXSourcesBuildPhase section */
		256A07961E93014300EF250E /* Sources */ = {
			isa = PBXSourcesBuildPhase;
			buildActionMask = 2147483647;
			files = (
				256A07A01E93014300EF250E /* ViewController.swift in Sources */,
				256A07D01E93042D00EF250E /* NetworkHelper.swift in Sources */,
				256A079E1E93014300EF250E /* AppDelegate.swift in Sources */,
				25252E181E9BFE5B00C02E93 /* KeychainHelper.swift in Sources */,
				254DBE321E97DE130058DAB5 /* UserParser.swift in Sources */,
			);
			runOnlyForDeploymentPostprocessing = 0;
		};
		256A07AA1E93014300EF250E /* Sources */ = {
			isa = PBXSourcesBuildPhase;
			buildActionMask = 2147483647;
			files = (
				256A07B31E93014300EF250E /* whale_iosTests.swift in Sources */,
			);
			runOnlyForDeploymentPostprocessing = 0;
		};
		256A07B51E93014300EF250E /* Sources */ = {
			isa = PBXSourcesBuildPhase;
			buildActionMask = 2147483647;
			files = (
				256A07BE1E93014300EF250E /* whale_iosUITests.swift in Sources */,
			);
			runOnlyForDeploymentPostprocessing = 0;
		};
/* End PBXSourcesBuildPhase section */

/* Begin PBXTargetDependency section */
		256A07B01E93014300EF250E /* PBXTargetDependency */ = {
			isa = PBXTargetDependency;
			target = 256A07991E93014300EF250E /* whale-ios */;
			targetProxy = 256A07AF1E93014300EF250E /* PBXContainerItemProxy */;
		};
		256A07BB1E93014300EF250E /* PBXTargetDependency */ = {
			isa = PBXTargetDependency;
			target = 256A07991E93014300EF250E /* whale-ios */;
			targetProxy = 256A07BA1E93014300EF250E /* PBXContainerItemProxy */;
		};
/* End PBXTargetDependency section */

/* Begin PBXVariantGroup section */
		256A07A11E93014300EF250E /* Main.storyboard */ = {
			isa = PBXVariantGroup;
			children = (
				256A07A21E93014300EF250E /* Base */,
			);
			name = Main.storyboard;
			sourceTree = "<group>";
		};
		256A07A61E93014300EF250E /* LaunchScreen.storyboard */ = {
			isa = PBXVariantGroup;
			children = (
				256A07A71E93014300EF250E /* Base */,
			);
			name = LaunchScreen.storyboard;
			sourceTree = "<group>";
		};
/* End PBXVariantGroup section */

/* Begin XCBuildConfiguration section */
		256A07C01E93014300EF250E /* Debug */ = {
			isa = XCBuildConfiguration;
			buildSettings = {
				ALWAYS_SEARCH_USER_PATHS = NO;
				CLANG_ANALYZER_NONNULL = YES;
				CLANG_CXX_LANGUAGE_STANDARD = "gnu++0x";
				CLANG_CXX_LIBRARY = "libc++";
				CLANG_ENABLE_MODULES = YES;
				CLANG_ENABLE_OBJC_ARC = YES;
				CLANG_WARN_BOOL_CONVERSION = YES;
				CLANG_WARN_CONSTANT_CONVERSION = YES;
				CLANG_WARN_DIRECT_OBJC_ISA_USAGE = YES_ERROR;
				CLANG_WARN_DOCUMENTATION_COMMENTS = YES;
				CLANG_WARN_EMPTY_BODY = YES;
				CLANG_WARN_ENUM_CONVERSION = YES;
				CLANG_WARN_INFINITE_RECURSION = YES;
				CLANG_WARN_INT_CONVERSION = YES;
				CLANG_WARN_OBJC_ROOT_CLASS = YES_ERROR;
				CLANG_WARN_SUSPICIOUS_MOVE = YES;
				CLANG_WARN_UNREACHABLE_CODE = YES;
				CLANG_WARN__DUPLICATE_METHOD_MATCH = YES;
				"CODE_SIGN_IDENTITY[sdk=iphoneos*]" = "iPhone Developer";
				COPY_PHASE_STRIP = NO;
				DEBUG_INFORMATION_FORMAT = dwarf;
				ENABLE_STRICT_OBJC_MSGSEND = YES;
				ENABLE_TESTABILITY = YES;
				GCC_C_LANGUAGE_STANDARD = gnu99;
				GCC_DYNAMIC_NO_PIC = NO;
				GCC_NO_COMMON_BLOCKS = YES;
				GCC_OPTIMIZATION_LEVEL = 0;
				GCC_PREPROCESSOR_DEFINITIONS = (
					"DEBUG=1",
					"$(inherited)",
				);
				GCC_WARN_64_TO_32_BIT_CONVERSION = YES;
				GCC_WARN_ABOUT_RETURN_TYPE = YES_ERROR;
				GCC_WARN_UNDECLARED_SELECTOR = YES;
				GCC_WARN_UNINITIALIZED_AUTOS = YES_AGGRESSIVE;
				GCC_WARN_UNUSED_FUNCTION = YES;
				GCC_WARN_UNUSED_VARIABLE = YES;
				IPHONEOS_DEPLOYMENT_TARGET = 10.2;
				MTL_ENABLE_DEBUG_INFO = YES;
				ONLY_ACTIVE_ARCH = YES;
				SDKROOT = iphoneos;
				SWIFT_ACTIVE_COMPILATION_CONDITIONS = DEBUG;
				SWIFT_OPTIMIZATION_LEVEL = "-Onone";
				TARGETED_DEVICE_FAMILY = "1,2";
			};
			name = Debug;
		};
		256A07C11E93014300EF250E /* Release */ = {
			isa = XCBuildConfiguration;
			buildSettings = {
				ALWAYS_SEARCH_USER_PATHS = NO;
				CLANG_ANALYZER_NONNULL = YES;
				CLANG_CXX_LANGUAGE_STANDARD = "gnu++0x";
				CLANG_CXX_LIBRARY = "libc++";
				CLANG_ENABLE_MODULES = YES;
				CLANG_ENABLE_OBJC_ARC = YES;
				CLANG_WARN_BOOL_CONVERSION = YES;
				CLANG_WARN_CONSTANT_CONVERSION = YES;
				CLANG_WARN_DIRECT_OBJC_ISA_USAGE = YES_ERROR;
				CLANG_WARN_DOCUMENTATION_COMMENTS = YES;
				CLANG_WARN_EMPTY_BODY = YES;
				CLANG_WARN_ENUM_CONVERSION = YES;
				CLANG_WARN_INFINITE_RECURSION = YES;
				CLANG_WARN_INT_CONVERSION = YES;
				CLANG_WARN_OBJC_ROOT_CLASS = YES_ERROR;
				CLANG_WARN_SUSPICIOUS_MOVE = YES;
				CLANG_WARN_UNREACHABLE_CODE = YES;
				CLANG_WARN__DUPLICATE_METHOD_MATCH = YES;
				"CODE_SIGN_IDENTITY[sdk=iphoneos*]" = "iPhone Developer";
				COPY_PHASE_STRIP = NO;
				DEBUG_INFORMATION_FORMAT = "dwarf-with-dsym";
				ENABLE_NS_ASSERTIONS = NO;
				ENABLE_STRICT_OBJC_MSGSEND = YES;
				GCC_C_LANGUAGE_STANDARD = gnu99;
				GCC_NO_COMMON_BLOCKS = YES;
				GCC_WARN_64_TO_32_BIT_CONVERSION = YES;
				GCC_WARN_ABOUT_RETURN_TYPE = YES_ERROR;
				GCC_WARN_UNDECLARED_SELECTOR = YES;
				GCC_WARN_UNINITIALIZED_AUTOS = YES_AGGRESSIVE;
				GCC_WARN_UNUSED_FUNCTION = YES;
				GCC_WARN_UNUSED_VARIABLE = YES;
				IPHONEOS_DEPLOYMENT_TARGET = 10.2;
				MTL_ENABLE_DEBUG_INFO = NO;
				SDKROOT = iphoneos;
				SWIFT_OPTIMIZATION_LEVEL = "-Owholemodule";
				TARGETED_DEVICE_FAMILY = "1,2";
				VALIDATE_PRODUCT = YES;
			};
			name = Release;
		};
		256A07C31E93014300EF250E /* Debug */ = {
			isa = XCBuildConfiguration;
			baseConfigurationReference = 6AD8E624D4F89E35FE942E4F /* Pods-whale-ios.debug.xcconfig */;
			buildSettings = {
				ASSETCATALOG_COMPILER_APPICON_NAME = AppIcon;
				DEVELOPMENT_TEAM = RL292UUN9S;
				INFOPLIST_FILE = "whale-ios/Info.plist";
				LD_RUNPATH_SEARCH_PATHS = "$(inherited) @executable_path/Frameworks";
				PRODUCT_BUNDLE_IDENTIFIER = "Kenny.whale-ios";
				PRODUCT_NAME = "$(TARGET_NAME)";
				SWIFT_VERSION = 3.0;
			};
			name = Debug;
		};
		256A07C41E93014300EF250E /* Release */ = {
			isa = XCBuildConfiguration;
			baseConfigurationReference = 0EC2E4BA4573676444DBA25F /* Pods-whale-ios.release.xcconfig */;
			buildSettings = {
				ASSETCATALOG_COMPILER_APPICON_NAME = AppIcon;
				DEVELOPMENT_TEAM = RL292UUN9S;
				INFOPLIST_FILE = "whale-ios/Info.plist";
				LD_RUNPATH_SEARCH_PATHS = "$(inherited) @executable_path/Frameworks";
				PRODUCT_BUNDLE_IDENTIFIER = "Kenny.whale-ios";
				PRODUCT_NAME = "$(TARGET_NAME)";
				SWIFT_VERSION = 3.0;
			};
			name = Release;
		};
		256A07C61E93014300EF250E /* Debug */ = {
			isa = XCBuildConfiguration;
			baseConfigurationReference = B624DFD5F03C5C19147AC497 /* Pods-whale-iosTests.debug.xcconfig */;
			buildSettings = {
				ALWAYS_EMBED_SWIFT_STANDARD_LIBRARIES = YES;
				BUNDLE_LOADER = "$(TEST_HOST)";
				DEVELOPMENT_TEAM = RL292UUN9S;
				INFOPLIST_FILE = "whale-iosTests/Info.plist";
				LD_RUNPATH_SEARCH_PATHS = "$(inherited) @executable_path/Frameworks @loader_path/Frameworks";
				PRODUCT_BUNDLE_IDENTIFIER = "Kenny.whale-iosTests";
				PRODUCT_NAME = "$(TARGET_NAME)";
				SWIFT_VERSION = 3.0;
				TEST_HOST = "$(BUILT_PRODUCTS_DIR)/whale-ios.app/whale-ios";
			};
			name = Debug;
		};
		256A07C71E93014300EF250E /* Release */ = {
			isa = XCBuildConfiguration;
			baseConfigurationReference = 333D428A8AFAD9D72BA3E41B /* Pods-whale-iosTests.release.xcconfig */;
			buildSettings = {
				ALWAYS_EMBED_SWIFT_STANDARD_LIBRARIES = YES;
				BUNDLE_LOADER = "$(TEST_HOST)";
				DEVELOPMENT_TEAM = RL292UUN9S;
				INFOPLIST_FILE = "whale-iosTests/Info.plist";
				LD_RUNPATH_SEARCH_PATHS = "$(inherited) @executable_path/Frameworks @loader_path/Frameworks";
				PRODUCT_BUNDLE_IDENTIFIER = "Kenny.whale-iosTests";
				PRODUCT_NAME = "$(TARGET_NAME)";
				SWIFT_VERSION = 3.0;
				TEST_HOST = "$(BUILT_PRODUCTS_DIR)/whale-ios.app/whale-ios";
			};
			name = Release;
		};
		256A07C91E93014300EF250E /* Debug */ = {
			isa = XCBuildConfiguration;
			baseConfigurationReference = 1ACD02BFF1C75EF99FC9C2C9 /* Pods-whale-iosUITests.debug.xcconfig */;
			buildSettings = {
				ALWAYS_EMBED_SWIFT_STANDARD_LIBRARIES = YES;
				DEVELOPMENT_TEAM = RL292UUN9S;
				INFOPLIST_FILE = "whale-iosUITests/Info.plist";
				LD_RUNPATH_SEARCH_PATHS = "$(inherited) @executable_path/Frameworks @loader_path/Frameworks";
				PRODUCT_BUNDLE_IDENTIFIER = "Kenny.whale-iosUITests";
				PRODUCT_NAME = "$(TARGET_NAME)";
				SWIFT_VERSION = 3.0;
				TEST_TARGET_NAME = "whale-ios";
			};
			name = Debug;
		};
		256A07CA1E93014300EF250E /* Release */ = {
			isa = XCBuildConfiguration;
			baseConfigurationReference = BA05BF5A2E865BF4C64CE558 /* Pods-whale-iosUITests.release.xcconfig */;
			buildSettings = {
				ALWAYS_EMBED_SWIFT_STANDARD_LIBRARIES = YES;
				DEVELOPMENT_TEAM = RL292UUN9S;
				INFOPLIST_FILE = "whale-iosUITests/Info.plist";
				LD_RUNPATH_SEARCH_PATHS = "$(inherited) @executable_path/Frameworks @loader_path/Frameworks";
				PRODUCT_BUNDLE_IDENTIFIER = "Kenny.whale-iosUITests";
				PRODUCT_NAME = "$(TARGET_NAME)";
				SWIFT_VERSION = 3.0;
				TEST_TARGET_NAME = "whale-ios";
			};
			name = Release;
		};
/* End XCBuildConfiguration section */

/* Begin XCConfigurationList section */
		256A07951E93014300EF250E /* Build configuration list for PBXProject "whale-ios" */ = {
			isa = XCConfigurationList;
			buildConfigurations = (
				256A07C01E93014300EF250E /* Debug */,
				256A07C11E93014300EF250E /* Release */,
			);
			defaultConfigurationIsVisible = 0;
			defaultConfigurationName = Release;
		};
		256A07C21E93014300EF250E /* Build configuration list for PBXNativeTarget "whale-ios" */ = {
			isa = XCConfigurationList;
			buildConfigurations = (
				256A07C31E93014300EF250E /* Debug */,
				256A07C41E93014300EF250E /* Release */,
			);
			defaultConfigurationIsVisible = 0;
			defaultConfigurationName = Release;
		};
		256A07C51E93014300EF250E /* Build configuration list for PBXNativeTarget "whale-iosTests" */ = {
			isa = XCConfigurationList;
			buildConfigurations = (
				256A07C61E93014300EF250E /* Debug */,
				256A07C71E93014300EF250E /* Release */,
			);
			defaultConfigurationIsVisible = 0;
			defaultConfigurationName = Release;
		};
		256A07C81E93014300EF250E /* Build configuration list for PBXNativeTarget "whale-iosUITests" */ = {
			isa = XCConfigurationList;
			buildConfigurations = (
				256A07C91E93014300EF250E /* Debug */,
				256A07CA1E93014300EF250E /* Release */,
			);
			defaultConfigurationIsVisible = 0;
			defaultConfigurationName = Release;
		};
/* End XCConfigurationList section */
	};
	rootObject = 256A07921E93014300EF250E /* Project object */;
}
